
Microsoft Visual Studio Solution File, Format Version 12.00
# Visual Studio Version 17
VisualStudioVersion = 17.0.31903.59
MinimumVisualStudioVersion = 10.0.40219.1
Project("{2150E333-8FDC-42A3-9474-1A3956D46DE8}") = "src", "src", "{EA43AFD6-AD49-4AA4-9E97-C11734D80678}"
EndProject
Project("{2150E333-8FDC-42A3-9474-1A3956D46DE8}") = "ApiGateway", "ApiGateway", "{C3CC1316-CFF8-4D95-9165-5E940FE8A2B8}"
EndProject
Project("{FAE04EC0-301F-11D3-BF4B-00C04F79EFBC}") = "EShop.ApiGateway", "src\ApiGateway\EShop.ApiGateway\EShop.ApiGateway.csproj", "{F254E920-ACA7-44A0-B326-9500E5F09B53}"
EndProject
Project("{2150E333-8FDC-42A3-9474-1A3956D46DE8}") = "Services", "Services", "{EF47D4FA-695A-47E7-B197-9F41602C8AA7}"
EndProject
Project("{2150E333-8FDC-42A3-9474-1A3956D46DE8}") = "Identity", "Identity", "{B943560B-AFB2-43F6-AD3E-74D4851BE8AE}"
EndProject
Project("{FAE04EC0-301F-11D3-BF4B-00C04F79EFBC}") = "EShop.Identity.API", "src\Services\Identity\EShop.Identity.API\EShop.Identity.API.csproj", "{7C05AB02-3F83-4AA0-9834-A1A6EE1B04DB}"
EndProject
Project("{FAE04EC0-301F-11D3-BF4B-00C04F79EFBC}") = "EShop.Identity.Application", "src\Services\Identity\EShop.Identity.Application\EShop.Identity.Application.csproj", "{EB668635-035B-44CC-BD78-185937AA4DC5}"
EndProject
Project("{FAE04EC0-301F-11D3-BF4B-00C04F79EFBC}") = "EShop.Identity.Domain", "src\Services\Identity\EShop.Identity.Domain\EShop.Identity.Domain.csproj", "{F4CAADA1-1BFB-4B73-AEFF-66C5229A2C0A}"
EndProject
Project("{FAE04EC0-301F-11D3-BF4B-00C04F79EFBC}") = "EShop.Identity.Infrastructure", "src\Services\Identity\EShop.Identity.Infrastructure\EShop.Identity.Infrastructure.csproj", "{DCFEAF43-9D6D-43F7-845B-9607B1F23130}"
EndProject
Project("{2150E333-8FDC-42A3-9474-1A3956D46DE8}") = "Ordering", "Ordering", "{C37EF451-B1AD-43AD-A3C1-39BF428B3F19}"
EndProject
Project("{FAE04EC0-301F-11D3-BF4B-00C04F79EFBC}") = "EShop.Ordering.API", "src\Services\Ordering\EShop.Ordering.API\EShop.Ordering.API.csproj", "{BB96AA5D-3C4F-42CA-9F43-84DBFDB0FB6C}"
EndProject
Project("{FAE04EC0-301F-11D3-BF4B-00C04F79EFBC}") = "EShop.Ordering.Application", "src\Services\Ordering\EShop.Ordering.Application\EShop.Ordering.Application.csproj", "{6FB5C219-EFCE-4BD7-B366-3C29934A2A90}"
EndProject
Project("{FAE04EC0-301F-11D3-BF4B-00C04F79EFBC}") = "EShop.Ordering.Domain", "src\Services\Ordering\EShop.Ordering.Domain\EShop.Ordering.Domain.csproj", "{C396F3E8-5D76-422D-A551-5F5F0FB36F12}"
EndProject
Project("{FAE04EC0-301F-11D3-BF4B-00C04F79EFBC}") = "EShop.Ordering.Infrastructure", "src\Services\Ordering\EShop.Ordering.Infrastructure\EShop.Ordering.Infrastructure.csproj", "{6A8DBAD6-756D-4B5C-AEC2-FC7952AA81AF}"
EndProject
Project("{2150E333-8FDC-42A3-9474-1A3956D46DE8}") = "Catalog", "Catalog", "{29900515-A6E5-458B-9CE4-631FEB4EAB84}"
EndProject
Project("{FAE04EC0-301F-11D3-BF4B-00C04F79EFBC}") = "EShop.Catalog.API", "src\Services\Catalog\EShop.Catalog.API\EShop.Catalog.API.csproj", "{DB85D499-3F5A-4E10-9DEF-8113C5998DDA}"
EndProject
Project("{2150E333-8FDC-42A3-9474-1A3956D46DE8}") = "BuildingBlocks", "BuildingBlocks", "{878F1725-45F8-4E9A-B9F1-F5788E0BA066}"
EndProject
Project("{FAE04EC0-301F-11D3-BF4B-00C04F79EFBC}") = "EShop.Shared", "src\BuildingBlocks\EShop.Shared\EShop.Shared.csproj", "{798E5FB5-7E10-45E8-959D-2F1CBD75423D}"
EndProject
Project("{2150E333-8FDC-42A3-9474-1A3956D46DE8}") = "tests", "tests", "{159ADF82-BA65-481C-B227-1047E128F727}"
EndProject
Project("{FAE04EC0-301F-11D3-BF4B-00C04F79EFBC}") = "EShop.Ordering.UnitTests", "tests\EShop.Ordering.UnitTests\EShop.Ordering.UnitTests.csproj", "{9DEC53F6-B7CF-4B1A-B692-06F163E025DE}"
EndProject
Project("{FAE04EC0-301F-11D3-BF4B-00C04F79EFBC}") = "EShop.Ordering.IntegrationTests", "tests\EShop.Ordering.IntegrationTests\EShop.Ordering.IntegrationTests.csproj", "{80DEAABD-E138-4E9A-871C-EC77BC571F24}"
EndProject
Project("{FAE04EC0-301F-11D3-BF4B-00C04F79EFBC}") = "EShop.Identity.UnitTests", "tests\EShop.Identity.UnitTests\EShop.Identity.UnitTests.csproj", "{99C64FBA-A229-402C-8421-7A467AC51D9C}"
EndProject
Global
	GlobalSection(SolutionConfigurationPlatforms) = preSolution
		Debug|Any CPU = Debug|Any CPU
		Release|Any CPU = Release|Any CPU
	EndGlobalSection
	GlobalSection(SolutionProperties) = preSolution
		HideSolutionNode = FALSE
	EndGlobalSection
	GlobalSection(ProjectConfigurationPlatforms) = postSolution
		{F254E920-ACA7-44A0-B326-9500E5F09B53}.Debug|Any CPU.ActiveCfg = Debug|Any CPU
		{F254E920-ACA7-44A0-B326-9500E5F09B53}.Debug|Any CPU.Build.0 = Debug|Any CPU
		{F254E920-ACA7-44A0-B326-9500E5F09B53}.Release|Any CPU.ActiveCfg = Release|Any CPU
		{F254E920-ACA7-44A0-B326-9500E5F09B53}.Release|Any CPU.Build.0 = Release|Any CPU
		{7C05AB02-3F83-4AA0-9834-A1A6EE1B04DB}.Debug|Any CPU.ActiveCfg = Debug|Any CPU
		{7C05AB02-3F83-4AA0-9834-A1A6EE1B04DB}.Debug|Any CPU.Build.0 = Debug|Any CPU
		{7C05AB02-3F83-4AA0-9834-A1A6EE1B04DB}.Release|Any CPU.ActiveCfg = Release|Any CPU
		{7C05AB02-3F83-4AA0-9834-A1A6EE1B04DB}.Release|Any CPU.Build.0 = Release|Any CPU
		{EB668635-035B-44CC-BD78-185937AA4DC5}.Debug|Any CPU.ActiveCfg = Debug|Any CPU
		{EB668635-035B-44CC-BD78-185937AA4DC5}.Debug|Any CPU.Build.0 = Debug|Any CPU
		{EB668635-035B-44CC-BD78-185937AA4DC5}.Release|Any CPU.ActiveCfg = Release|Any CPU
		{EB668635-035B-44CC-BD78-185937AA4DC5}.Release|Any CPU.Build.0 = Release|Any CPU
		{F4CAADA1-1BFB-4B73-AEFF-66C5229A2C0A}.Debug|Any CPU.ActiveCfg = Debug|Any CPU
		{F4CAADA1-1BFB-4B73-AEFF-66C5229A2C0A}.Debug|Any CPU.Build.0 = Debug|Any CPU
		{F4CAADA1-1BFB-4B73-AEFF-66C5229A2C0A}.Release|Any CPU.ActiveCfg = Release|Any CPU
		{F4CAADA1-1BFB-4B73-AEFF-66C5229A2C0A}.Release|Any CPU.Build.0 = Release|Any CPU
		{DCFEAF43-9D6D-43F7-845B-9607B1F23130}.Debug|Any CPU.ActiveCfg = Debug|Any CPU
		{DCFEAF43-9D6D-43F7-845B-9607B1F23130}.Debug|Any CPU.Build.0 = Debug|Any CPU
		{DCFEAF43-9D6D-43F7-845B-9607B1F23130}.Release|Any CPU.ActiveCfg = Release|Any CPU
		{DCFEAF43-9D6D-43F7-845B-9607B1F23130}.Release|Any CPU.Build.0 = Release|Any CPU
		{BB96AA5D-3C4F-42CA-9F43-84DBFDB0FB6C}.Debug|Any CPU.ActiveCfg = Debug|Any CPU
		{BB96AA5D-3C4F-42CA-9F43-84DBFDB0FB6C}.Debug|Any CPU.Build.0 = Debug|Any CPU
		{BB96AA5D-3C4F-42CA-9F43-84DBFDB0FB6C}.Release|Any CPU.ActiveCfg = Release|Any CPU
		{BB96AA5D-3C4F-42CA-9F43-84DBFDB0FB6C}.Release|Any CPU.Build.0 = Release|Any CPU
		{6FB5C219-EFCE-4BD7-B366-3C29934A2A90}.Debug|Any CPU.ActiveCfg = Debug|Any CPU
		{6FB5C219-EFCE-4BD7-B366-3C29934A2A90}.Debug|Any CPU.Build.0 = Debug|Any CPU
		{6FB5C219-EFCE-4BD7-B366-3C29934A2A90}.Release|Any CPU.ActiveCfg = Release|Any CPU
		{6FB5C219-EFCE-4BD7-B366-3C29934A2A90}.Release|Any CPU.Build.0 = Release|Any CPU
		{C396F3E8-5D76-422D-A551-5F5F0FB36F12}.Debug|Any CPU.ActiveCfg = Debug|Any CPU
		{C396F3E8-5D76-422D-A551-5F5F0FB36F12}.Debug|Any CPU.Build.0 = Debug|Any CPU
		{C396F3E8-5D76-422D-A551-5F5F0FB36F12}.Release|Any CPU.ActiveCfg = Release|Any CPU
		{C396F3E8-5D76-422D-A551-5F5F0FB36F12}.Release|Any CPU.Build.0 = Release|Any CPU
		{6A8DBAD6-756D-4B5C-AEC2-FC7952AA81AF}.Debug|Any CPU.ActiveCfg = Debug|Any CPU
		{6A8DBAD6-756D-4B5C-AEC2-FC7952AA81AF}.Debug|Any CPU.Build.0 = Debug|Any CPU
		{6A8DBAD6-756D-4B5C-AEC2-FC7952AA81AF}.Release|Any CPU.ActiveCfg = Release|Any CPU
		{6A8DBAD6-756D-4B5C-AEC2-FC7952AA81AF}.Release|Any CPU.Build.0 = Release|Any CPU
		{DB85D499-3F5A-4E10-9DEF-8113C5998DDA}.Debug|Any CPU.ActiveCfg = Debug|Any CPU
		{DB85D499-3F5A-4E10-9DEF-8113C5998DDA}.Debug|Any CPU.Build.0 = Debug|Any CPU
		{DB85D499-3F5A-4E10-9DEF-8113C5998DDA}.Release|Any CPU.ActiveCfg = Release|Any CPU
		{DB85D499-3F5A-4E10-9DEF-8113C5998DDA}.Release|Any CPU.Build.0 = Release|Any CPU
		{798E5FB5-7E10-45E8-959D-2F1CBD75423D}.Debug|Any CPU.ActiveCfg = Debug|Any CPU
		{798E5FB5-7E10-45E8-959D-2F1CBD75423D}.Debug|Any CPU.Build.0 = Debug|Any CPU
		{798E5FB5-7E10-45E8-959D-2F1CBD75423D}.Release|Any CPU.ActiveCfg = Release|Any CPU
		{798E5FB5-7E10-45E8-959D-2F1CBD75423D}.Release|Any CPU.Build.0 = Release|Any CPU
		{9DEC53F6-B7CF-4B1A-B692-06F163E025DE}.Debug|Any CPU.ActiveCfg = Debug|Any CPU
		{9DEC53F6-B7CF-4B1A-B692-06F163E025DE}.Debug|Any CPU.Build.0 = Debug|Any CPU
		{9DEC53F6-B7CF-4B1A-B692-06F163E025DE}.Release|Any CPU.ActiveCfg = Release|Any CPU
		{9DEC53F6-B7CF-4B1A-B692-06F163E025DE}.Release|Any CPU.Build.0 = Release|Any CPU
		{80DEAABD-E138-4E9A-871C-EC77BC571F24}.Debug|Any CPU.ActiveCfg = Debug|Any CPU
		{80DEAABD-E138-4E9A-871C-EC77BC571F24}.Debug|Any CPU.Build.0 = Debug|Any CPU
		{80DEAABD-E138-4E9A-871C-EC77BC571F24}.Release|Any CPU.ActiveCfg = Release|Any CPU
		{80DEAABD-E138-4E9A-871C-EC77BC571F24}.Release|Any CPU.Build.0 = Release|Any CPU
		{99C64FBA-A229-402C-8421-7A467AC51D9C}.Debug|Any CPU.ActiveCfg = Debug|Any CPU
		{99C64FBA-A229-402C-8421-7A467AC51D9C}.Debug|Any CPU.Build.0 = Debug|Any CPU
		{99C64FBA-A229-402C-8421-7A467AC51D9C}.Release|Any CPU.ActiveCfg = Release|Any CPU
		{99C64FBA-A229-402C-8421-7A467AC51D9C}.Release|Any CPU.Build.0 = Release|Any CPU
	EndGlobalSection
	GlobalSection(NestedProjects) = preSolution
		{C3CC1316-CFF8-4D95-9165-5E940FE8A2B8} = {EA43AFD6-AD49-4AA4-9E97-C11734D80678}
		{F254E920-ACA7-44A0-B326-9500E5F09B53} = {C3CC1316-CFF8-4D95-9165-5E940FE8A2B8}
		{EF47D4FA-695A-47E7-B197-9F41602C8AA7} = {EA43AFD6-AD49-4AA4-9E97-C11734D80678}
		{B943560B-AFB2-43F6-AD3E-74D4851BE8AE} = {EF47D4FA-695A-47E7-B197-9F41602C8AA7}
		{7C05AB02-3F83-4AA0-9834-A1A6EE1B04DB} = {B943560B-AFB2-43F6-AD3E-74D4851BE8AE}
		{EB668635-035B-44CC-BD78-185937AA4DC5} = {B943560B-AFB2-43F6-AD3E-74D4851BE8AE}
		{F4CAADA1-1BFB-4B73-AEFF-66C5229A2C0A} = {B943560B-AFB2-43F6-AD3E-74D4851BE8AE}
		{DCFEAF43-9D6D-43F7-845B-9607B1F23130} = {B943560B-AFB2-43F6-AD3E-74D4851BE8AE}
		{C37EF451-B1AD-43AD-A3C1-39BF428B3F19} = {EF47D4FA-695A-47E7-B197-9F41602C8AA7}
		{BB96AA5D-3C4F-42CA-9F43-84DBFDB0FB6C} = {C37EF451-B1AD-43AD-A3C1-39BF428B3F19}
		{6FB5C219-EFCE-4BD7-B366-3C29934A2A90} = {C37EF451-B1AD-43AD-A3C1-39BF428B3F19}
		{C396F3E8-5D76-422D-A551-5F5F0FB36F12} = {C37EF451-B1AD-43AD-A3C1-39BF428B3F19}
		{6A8DBAD6-756D-4B5C-AEC2-FC7952AA81AF} = {C37EF451-B1AD-43AD-A3C1-39BF428B3F19}
		{29900515-A6E5-458B-9CE4-631FEB4EAB84} = {EF47D4FA-695A-47E7-B197-9F41602C8AA7}
		{DB85D499-3F5A-4E10-9DEF-8113C5998DDA} = {29900515-A6E5-458B-9CE4-631FEB4EAB84}
		{878F1725-45F8-4E9A-B9F1-F5788E0BA066} = {EA43AFD6-AD49-4AA4-9E97-C11734D80678}
		{798E5FB5-7E10-45E8-959D-2F1CBD75423D} = {878F1725-45F8-4E9A-B9F1-F5788E0BA066}
		{9DEC53F6-B7CF-4B1A-B692-06F163E025DE} = {159ADF82-BA65-481C-B227-1047E128F727}
		{80DEAABD-E138-4E9A-871C-EC77BC571F24} = {159ADF82-BA65-481C-B227-1047E128F727}
		{99C64FBA-A229-402C-8421-7A467AC51D9C} = {159ADF82-BA65-481C-B227-1047E128F727}
	EndGlobalSection
EndGlobal
